
Microsoft Visual Studio Solution File, Format Version 12.00
# Visual Studio 14
VisualStudioVersion = 14.0.25420.1
MinimumVisualStudioVersion = 10.0.40219.1
Project("{FAE04EC0-301F-11D3-BF4B-00C04F79EFBC}") = "HocGenerics", "HocGenerics\HocGenerics.csproj", "{DD445DBC-5C35-4639-9DAC-0412D639BFC2}"
EndProject
Project("{FAE04EC0-301F-11D3-BF4B-00C04F79EFBC}") = "HocImplicitlyTypedVariables", "HocImplicitlyTypedVariables\HocImplicitlyTypedVariables.csproj", "{751EC292-D80F-43DF-BBE8-76AD4F071A30}"
EndProject
Project("{FAE04EC0-301F-11D3-BF4B-00C04F79EFBC}") = "HocObjectInitializers", "HocObjectInitializers\HocObjectInitializers.csproj", "{DAAFE8CB-963D-4C65-874D-57D894592E54}"
EndProject
Project("{FAE04EC0-301F-11D3-BF4B-00C04F79EFBC}") = "HocAnonymousTypes", "AnonymousTypes\HocAnonymousTypes.csproj", "{DD622A09-8592-426F-907B-70B117E0597A}"
EndProject
Project("{FAE04EC0-301F-11D3-BF4B-00C04F79EFBC}") = "HocExtensionMethod", "HocExtensionMethod\HocExtensionMethod.csproj", "{8CAB2EAB-62C7-4B6D-991D-88AF899E4E49}"
EndProject
Project("{FAE04EC0-301F-11D3-BF4B-00C04F79EFBC}") = "HocDelegate", "HocDelegate\HocDelegate.csproj", "{D121C878-F0A5-48A9-B7BF-2CBEB01046CA}"
EndProject
Project("{FAE04EC0-301F-11D3-BF4B-00C04F79EFBC}") = "HocLambdaExpreesion", "HocLambdaExpreesion\HocLambdaExpreesion.csproj", "{EB77BEF6-38C6-491A-90E2-2B751695C23E}"
EndProject
Project("{FAE04EC0-301F-11D3-BF4B-00C04F79EFBC}") = "HocCacLoaiCuPhapLinQ", "HocCacLoaiCuPhapLinQ\HocCacLoaiCuPhapLinQ.csproj", "{C054B9FF-1F40-41D8-B601-B2CE29A4B9B0}"
EndProject
Project("{FAE04EC0-301F-11D3-BF4B-00C04F79EFBC}") = "HocLazyLoading", "HocLazyLoading\HocLazyLoading.csproj", "{5AF14840-7734-4451-9CF5-1AD81E345660}"
EndProject
Project("{FAE04EC0-301F-11D3-BF4B-00C04F79EFBC}") = "BaiTapRenLuyenKyThuatLinQ", "BaiTapRenLuyenKyThuatLinQ\BaiTapRenLuyenKyThuatLinQ.csproj", "{2651755E-0886-4BCC-92CC-46290E08187D}"
EndProject
Project("{FAE04EC0-301F-11D3-BF4B-00C04F79EFBC}") = "HocForeach", "HocForeach\HocForeach.csproj", "{879D0435-1164-4F8C-8756-5C00577D4FA5}"
EndProject
Project("{FAE04EC0-301F-11D3-BF4B-00C04F79EFBC}") = "HocExists", "HocExists\HocExists.csproj", "{D00157F0-CF43-426D-AEF2-2E4DBF3FFCE4}"
EndProject
Project("{FAE04EC0-301F-11D3-BF4B-00C04F79EFBC}") = "HocFind", "HocFind\HocFind.csproj", "{64539331-37CD-4EC4-A41D-8D0668C5E93F}"
EndProject
Project("{FAE04EC0-301F-11D3-BF4B-00C04F79EFBC}") = "HocFindAll", "HocFindAll\HocFindAll.csproj", "{FF7CE258-BB83-4AB9-8A8F-B0A3F7D9942D}"
EndProject
Project("{FAE04EC0-301F-11D3-BF4B-00C04F79EFBC}") = "HocFindIndex", "HocFindIndex\HocFindIndex.csproj", "{11C99F4C-A15E-4CB6-B292-4E1498C2038F}"
EndProject
Project("{FAE04EC0-301F-11D3-BF4B-00C04F79EFBC}") = "HocFindLast", "HocFindLast\HocFindLast.csproj", "{992F028A-00DA-4489-90FE-40C475FC4070}"
EndProject
Project("{FAE04EC0-301F-11D3-BF4B-00C04F79EFBC}") = "HocRemoveAll", "HocRemoveAll\HocRemoveAll.csproj", "{30D5A5D5-AABD-4E61-A737-810CFA6C391F}"
EndProject
Project("{FAE04EC0-301F-11D3-BF4B-00C04F79EFBC}") = "HocTrueForAll", "HocTrueForAll\HocTrueForAll.csproj", "{3F05B06C-0DF4-41DB-8ABC-7A99C13367E3}"
EndProject
Project("{FAE04EC0-301F-11D3-BF4B-00C04F79EFBC}") = "HocSelect", "HocSelect\HocSelect.csproj", "{D7118E24-9E8E-42E4-9315-E65F8C3B1CDA}"
EndProject
Project("{FAE04EC0-301F-11D3-BF4B-00C04F79EFBC}") = "HocWhere", "HocWhere\HocWhere.csproj", "{24D7793D-61B0-4F60-A329-20D5B190443E}"
EndProject
Project("{FAE04EC0-301F-11D3-BF4B-00C04F79EFBC}") = "HocOrderBy", "HocOrderBy\HocOrderBy.csproj", "{1BEA1450-5236-4EA6-91C0-A159F86348F8}"
EndProject
Project("{FAE04EC0-301F-11D3-BF4B-00C04F79EFBC}") = "HocOfType", "HocOfType\HocOfType.csproj", "{A52EB4B6-F631-4DDA-9ECC-D9D74726D7D5}"
EndProject
Project("{FAE04EC0-301F-11D3-BF4B-00C04F79EFBC}") = "HocAny", "HocAny\HocAny.csproj", "{12286BC8-60A6-4114-864F-C51E5A0C6A44}"
EndProject
Project("{FAE04EC0-301F-11D3-BF4B-00C04F79EFBC}") = "HocMaxMin", "HocMaxMin\HocMaxMin.csproj", "{477358A1-13B8-4C2A-880A-C7C04A66DC55}"
EndProject
Project("{FAE04EC0-301F-11D3-BF4B-00C04F79EFBC}") = "HocFirstOrDefault", "HocFirstOrDefault\HocFirstOrDefault.csproj", "{5BA6085B-8067-4837-85C7-5D4D3148890E}"
EndProject
Global
	GlobalSection(SolutionConfigurationPlatforms) = preSolution
		Debug|Any CPU = Debug|Any CPU
		Release|Any CPU = Release|Any CPU
	EndGlobalSection
	GlobalSection(ProjectConfigurationPlatforms) = postSolution
		{DD445DBC-5C35-4639-9DAC-0412D639BFC2}.Debug|Any CPU.ActiveCfg = Debug|Any CPU
		{DD445DBC-5C35-4639-9DAC-0412D639BFC2}.Debug|Any CPU.Build.0 = Debug|Any CPU
		{DD445DBC-5C35-4639-9DAC-0412D639BFC2}.Release|Any CPU.ActiveCfg = Release|Any CPU
		{DD445DBC-5C35-4639-9DAC-0412D639BFC2}.Release|Any CPU.Build.0 = Release|Any CPU
		{751EC292-D80F-43DF-BBE8-76AD4F071A30}.Debug|Any CPU.ActiveCfg = Debug|Any CPU
		{751EC292-D80F-43DF-BBE8-76AD4F071A30}.Debug|Any CPU.Build.0 = Debug|Any CPU
		{751EC292-D80F-43DF-BBE8-76AD4F071A30}.Release|Any CPU.ActiveCfg = Release|Any CPU
		{751EC292-D80F-43DF-BBE8-76AD4F071A30}.Release|Any CPU.Build.0 = Release|Any CPU
		{DAAFE8CB-963D-4C65-874D-57D894592E54}.Debug|Any CPU.ActiveCfg = Debug|Any CPU
		{DAAFE8CB-963D-4C65-874D-57D894592E54}.Debug|Any CPU.Build.0 = Debug|Any CPU
		{DAAFE8CB-963D-4C65-874D-57D894592E54}.Release|Any CPU.ActiveCfg = Release|Any CPU
		{DAAFE8CB-963D-4C65-874D-57D894592E54}.Release|Any CPU.Build.0 = Release|Any CPU
		{DD622A09-8592-426F-907B-70B117E0597A}.Debug|Any CPU.ActiveCfg = Debug|Any CPU
		{DD622A09-8592-426F-907B-70B117E0597A}.Debug|Any CPU.Build.0 = Debug|Any CPU
		{DD622A09-8592-426F-907B-70B117E0597A}.Release|Any CPU.ActiveCfg = Release|Any CPU
		{DD622A09-8592-426F-907B-70B117E0597A}.Release|Any CPU.Build.0 = Release|Any CPU
		{8CAB2EAB-62C7-4B6D-991D-88AF899E4E49}.Debug|Any CPU.ActiveCfg = Debug|Any CPU
		{8CAB2EAB-62C7-4B6D-991D-88AF899E4E49}.Debug|Any CPU.Build.0 = Debug|Any CPU
		{8CAB2EAB-62C7-4B6D-991D-88AF899E4E49}.Release|Any CPU.ActiveCfg = Release|Any CPU
		{8CAB2EAB-62C7-4B6D-991D-88AF899E4E49}.Release|Any CPU.Build.0 = Release|Any CPU
		{D121C878-F0A5-48A9-B7BF-2CBEB01046CA}.Debug|Any CPU.ActiveCfg = Debug|Any CPU
		{D121C878-F0A5-48A9-B7BF-2CBEB01046CA}.Debug|Any CPU.Build.0 = Debug|Any CPU
		{D121C878-F0A5-48A9-B7BF-2CBEB01046CA}.Release|Any CPU.ActiveCfg = Release|Any CPU
		{D121C878-F0A5-48A9-B7BF-2CBEB01046CA}.Release|Any CPU.Build.0 = Release|Any CPU
		{EB77BEF6-38C6-491A-90E2-2B751695C23E}.Debug|Any CPU.ActiveCfg = Debug|Any CPU
		{EB77BEF6-38C6-491A-90E2-2B751695C23E}.Debug|Any CPU.Build.0 = Debug|Any CPU
		{EB77BEF6-38C6-491A-90E2-2B751695C23E}.Release|Any CPU.ActiveCfg = Release|Any CPU
		{EB77BEF6-38C6-491A-90E2-2B751695C23E}.Release|Any CPU.Build.0 = Release|Any CPU
		{C054B9FF-1F40-41D8-B601-B2CE29A4B9B0}.Debug|Any CPU.ActiveCfg = Debug|Any CPU
		{C054B9FF-1F40-41D8-B601-B2CE29A4B9B0}.Debug|Any CPU.Build.0 = Debug|Any CPU
		{C054B9FF-1F40-41D8-B601-B2CE29A4B9B0}.Release|Any CPU.ActiveCfg = Release|Any CPU
		{C054B9FF-1F40-41D8-B601-B2CE29A4B9B0}.Release|Any CPU.Build.0 = Release|Any CPU
		{5AF14840-7734-4451-9CF5-1AD81E345660}.Debug|Any CPU.ActiveCfg = Debug|Any CPU
		{5AF14840-7734-4451-9CF5-1AD81E345660}.Debug|Any CPU.Build.0 = Debug|Any CPU
		{5AF14840-7734-4451-9CF5-1AD81E345660}.Release|Any CPU.ActiveCfg = Release|Any CPU
		{5AF14840-7734-4451-9CF5-1AD81E345660}.Release|Any CPU.Build.0 = Release|Any CPU
		{2651755E-0886-4BCC-92CC-46290E08187D}.Debug|Any CPU.ActiveCfg = Debug|Any CPU
		{2651755E-0886-4BCC-92CC-46290E08187D}.Debug|Any CPU.Build.0 = Debug|Any CPU
		{2651755E-0886-4BCC-92CC-46290E08187D}.Release|Any CPU.ActiveCfg = Release|Any CPU
		{2651755E-0886-4BCC-92CC-46290E08187D}.Release|Any CPU.Build.0 = Release|Any CPU
		{879D0435-1164-4F8C-8756-5C00577D4FA5}.Debug|Any CPU.ActiveCfg = Debug|Any CPU
		{879D0435-1164-4F8C-8756-5C00577D4FA5}.Debug|Any CPU.Build.0 = Debug|Any CPU
		{879D0435-1164-4F8C-8756-5C00577D4FA5}.Release|Any CPU.ActiveCfg = Release|Any CPU
		{879D0435-1164-4F8C-8756-5C00577D4FA5}.Release|Any CPU.Build.0 = Release|Any CPU
		{D00157F0-CF43-426D-AEF2-2E4DBF3FFCE4}.Debug|Any CPU.ActiveCfg = Debug|Any CPU
		{D00157F0-CF43-426D-AEF2-2E4DBF3FFCE4}.Debug|Any CPU.Build.0 = Debug|Any CPU
		{D00157F0-CF43-426D-AEF2-2E4DBF3FFCE4}.Release|Any CPU.ActiveCfg = Release|Any CPU
		{D00157F0-CF43-426D-AEF2-2E4DBF3FFCE4}.Release|Any CPU.Build.0 = Release|Any CPU
		{64539331-37CD-4EC4-A41D-8D0668C5E93F}.Debug|Any CPU.ActiveCfg = Debug|Any CPU
		{64539331-37CD-4EC4-A41D-8D0668C5E93F}.Debug|Any CPU.Build.0 = Debug|Any CPU
		{64539331-37CD-4EC4-A41D-8D0668C5E93F}.Release|Any CPU.ActiveCfg = Release|Any CPU
		{64539331-37CD-4EC4-A41D-8D0668C5E93F}.Release|Any CPU.Build.0 = Release|Any CPU
		{FF7CE258-BB83-4AB9-8A8F-B0A3F7D9942D}.Debug|Any CPU.ActiveCfg = Debug|Any CPU
		{FF7CE258-BB83-4AB9-8A8F-B0A3F7D9942D}.Debug|Any CPU.Build.0 = Debug|Any CPU
		{FF7CE258-BB83-4AB9-8A8F-B0A3F7D9942D}.Release|Any CPU.ActiveCfg = Release|Any CPU
		{FF7CE258-BB83-4AB9-8A8F-B0A3F7D9942D}.Release|Any CPU.Build.0 = Release|Any CPU
		{11C99F4C-A15E-4CB6-B292-4E1498C2038F}.Debug|Any CPU.ActiveCfg = Debug|Any CPU
		{11C99F4C-A15E-4CB6-B292-4E1498C2038F}.Debug|Any CPU.Build.0 = Debug|Any CPU
		{11C99F4C-A15E-4CB6-B292-4E1498C2038F}.Release|Any CPU.ActiveCfg = Release|Any CPU
		{11C99F4C-A15E-4CB6-B292-4E1498C2038F}.Release|Any CPU.Build.0 = Release|Any CPU
		{992F028A-00DA-4489-90FE-40C475FC4070}.Debug|Any CPU.ActiveCfg = Debug|Any CPU
		{992F028A-00DA-4489-90FE-40C475FC4070}.Debug|Any CPU.Build.0 = Debug|Any CPU
		{992F028A-00DA-4489-90FE-40C475FC4070}.Release|Any CPU.ActiveCfg = Release|Any CPU
		{992F028A-00DA-4489-90FE-40C475FC4070}.Release|Any CPU.Build.0 = Release|Any CPU
		{30D5A5D5-AABD-4E61-A737-810CFA6C391F}.Debug|Any CPU.ActiveCfg = Debug|Any CPU
		{30D5A5D5-AABD-4E61-A737-810CFA6C391F}.Debug|Any CPU.Build.0 = Debug|Any CPU
		{30D5A5D5-AABD-4E61-A737-810CFA6C391F}.Release|Any CPU.ActiveCfg = Release|Any CPU
		{30D5A5D5-AABD-4E61-A737-810CFA6C391F}.Release|Any CPU.Build.0 = Release|Any CPU
		{3F05B06C-0DF4-41DB-8ABC-7A99C13367E3}.Debug|Any CPU.ActiveCfg = Debug|Any CPU
		{3F05B06C-0DF4-41DB-8ABC-7A99C13367E3}.Debug|Any CPU.Build.0 = Debug|Any CPU
		{3F05B06C-0DF4-41DB-8ABC-7A99C13367E3}.Release|Any CPU.ActiveCfg = Release|Any CPU
		{3F05B06C-0DF4-41DB-8ABC-7A99C13367E3}.Release|Any CPU.Build.0 = Release|Any CPU
		{D7118E24-9E8E-42E4-9315-E65F8C3B1CDA}.Debug|Any CPU.ActiveCfg = Debug|Any CPU
		{D7118E24-9E8E-42E4-9315-E65F8C3B1CDA}.Debug|Any CPU.Build.0 = Debug|Any CPU
		{D7118E24-9E8E-42E4-9315-E65F8C3B1CDA}.Release|Any CPU.ActiveCfg = Release|Any CPU
		{D7118E24-9E8E-42E4-9315-E65F8C3B1CDA}.Release|Any CPU.Build.0 = Release|Any CPU
		{24D7793D-61B0-4F60-A329-20D5B190443E}.Debug|Any CPU.ActiveCfg = Debug|Any CPU
		{24D7793D-61B0-4F60-A329-20D5B190443E}.Debug|Any CPU.Build.0 = Debug|Any CPU
		{24D7793D-61B0-4F60-A329-20D5B190443E}.Release|Any CPU.ActiveCfg = Release|Any CPU
		{24D7793D-61B0-4F60-A329-20D5B190443E}.Release|Any CPU.Build.0 = Release|Any CPU
		{1BEA1450-5236-4EA6-91C0-A159F86348F8}.Debug|Any CPU.ActiveCfg = Debug|Any CPU
		{1BEA1450-5236-4EA6-91C0-A159F86348F8}.Debug|Any CPU.Build.0 = Debug|Any CPU
		{1BEA1450-5236-4EA6-91C0-A159F86348F8}.Release|Any CPU.ActiveCfg = Release|Any CPU
		{1BEA1450-5236-4EA6-91C0-A159F86348F8}.Release|Any CPU.Build.0 = Release|Any CPU
		{A52EB4B6-F631-4DDA-9ECC-D9D74726D7D5}.Debug|Any CPU.ActiveCfg = Debug|Any CPU
		{A52EB4B6-F631-4DDA-9ECC-D9D74726D7D5}.Debug|Any CPU.Build.0 = Debug|Any CPU
		{A52EB4B6-F631-4DDA-9ECC-D9D74726D7D5}.Release|Any CPU.ActiveCfg = Release|Any CPU
		{A52EB4B6-F631-4DDA-9ECC-D9D74726D7D5}.Release|Any CPU.Build.0 = Release|Any CPU
		{12286BC8-60A6-4114-864F-C51E5A0C6A44}.Debug|Any CPU.ActiveCfg = Debug|Any CPU
		{12286BC8-60A6-4114-864F-C51E5A0C6A44}.Debug|Any CPU.Build.0 = Debug|Any CPU
		{12286BC8-60A6-4114-864F-C51E5A0C6A44}.Release|Any CPU.ActiveCfg = Release|Any CPU
		{12286BC8-60A6-4114-864F-C51E5A0C6A44}.Release|Any CPU.Build.0 = Release|Any CPU
		{477358A1-13B8-4C2A-880A-C7C04A66DC55}.Debug|Any CPU.ActiveCfg = Debug|Any CPU
		{477358A1-13B8-4C2A-880A-C7C04A66DC55}.Debug|Any CPU.Build.0 = Debug|Any CPU
		{477358A1-13B8-4C2A-880A-C7C04A66DC55}.Release|Any CPU.ActiveCfg = Release|Any CPU
		{477358A1-13B8-4C2A-880A-C7C04A66DC55}.Release|Any CPU.Build.0 = Release|Any CPU
		{5BA6085B-8067-4837-85C7-5D4D3148890E}.Debug|Any CPU.ActiveCfg = Debug|Any CPU
		{5BA6085B-8067-4837-85C7-5D4D3148890E}.Debug|Any CPU.Build.0 = Debug|Any CPU
		{5BA6085B-8067-4837-85C7-5D4D3148890E}.Release|Any CPU.ActiveCfg = Release|Any CPU
		{5BA6085B-8067-4837-85C7-5D4D3148890E}.Release|Any CPU.Build.0 = Release|Any CPU
	EndGlobalSection
	GlobalSection(SolutionProperties) = preSolution
		HideSolutionNode = FALSE
	EndGlobalSection
EndGlobal
