
Microsoft Visual Studio Solution File, Format Version 12.00
# Visual Studio 14
VisualStudioVersion = 14.0.25420.1
MinimumVisualStudioVersion = 10.0.40219.1
Project("{FAE04EC0-301F-11D3-BF4B-00C04F79EFBC}") = "HocGenerics", "HocGenerics\HocGenerics.csproj", "{DD445DBC-5C35-4639-9DAC-0412D639BFC2}"
EndProject
Project("{FAE04EC0-301F-11D3-BF4B-00C04F79EFBC}") = "HocImplicitlyTypedVariables", "HocImplicitlyTypedVariables\HocImplicitlyTypedVariables.csproj", "{751EC292-D80F-43DF-BBE8-76AD4F071A30}"
EndProject
Global
	GlobalSection(SolutionConfigurationPlatforms) = preSolution
		Debug|Any CPU = Debug|Any CPU
		Release|Any CPU = Release|Any CPU
	EndGlobalSection
	GlobalSection(ProjectConfigurationPlatforms) = postSolution
		{DD445DBC-5C35-4639-9DAC-0412D639BFC2}.Debug|Any CPU.ActiveCfg = Debug|Any CPU
		{DD445DBC-5C35-4639-9DAC-0412D639BFC2}.Debug|Any CPU.Build.0 = Debug|Any CPU
		{DD445DBC-5C35-4639-9DAC-0412D639BFC2}.Release|Any CPU.ActiveCfg = Release|Any CPU
		{DD445DBC-5C35-4639-9DAC-0412D639BFC2}.Release|Any CPU.Build.0 = Release|Any CPU
		{751EC292-D80F-43DF-BBE8-76AD4F071A30}.Debug|Any CPU.ActiveCfg = Debug|Any CPU
		{751EC292-D80F-43DF-BBE8-76AD4F071A30}.Debug|Any CPU.Build.0 = Debug|Any CPU
		{751EC292-D80F-43DF-BBE8-76AD4F071A30}.Release|Any CPU.ActiveCfg = Release|Any CPU
		{751EC292-D80F-43DF-BBE8-76AD4F071A30}.Release|Any CPU.Build.0 = Release|Any CPU
	EndGlobalSection
	GlobalSection(SolutionProperties) = preSolution
		HideSolutionNode = FALSE
	EndGlobalSection
EndGlobal
